
Microsoft Visual Studio Solution File, Format Version 12.00
# Visual Studio 15
Project("{FAE04EC0-301F-11D3-BF4B-00C04F79EFBC}") = "Unity.XR.Interaction.Toolkit.Samples.ARStarterAssets", "Unity.XR.Interaction.Toolkit.Samples.ARStarterAssets.csproj", "{817207F8-DB52-0C88-BEB1-6D53B5AD6086}"
EndProject
Project("{FAE04EC0-301F-11D3-BF4B-00C04F79EFBC}") = "Unity.XR.Interaction.Toolkit.Samples.StarterAssets", "Unity.XR.Interaction.Toolkit.Samples.StarterAssets.csproj", "{6305EBF5-38A2-C26F-B5A0-454CBE7F1329}"
EndProject
Project("{FAE04EC0-301F-11D3-BF4B-00C04F79EFBC}") = "Assembly-CSharp", "Assembly-CSharp.csproj", "{00ACC108-8458-067D-32ED-A88EA72586AD}"
EndProject
Project("{FAE04EC0-301F-11D3-BF4B-00C04F79EFBC}") = "Unity.XR.Interaction.Toolkit.Samples.ARStarterAssets.Editor", "Unity.XR.Interaction.Toolkit.Samples.ARStarterAssets.Editor.csproj", "{50D5C5ED-649C-DFF7-7902-86C0EE94DEE3}"
EndProject
Project("{FAE04EC0-301F-11D3-BF4B-00C04F79EFBC}") = "Unity.XR.Interaction.Toolkit.Samples.StarterAssets.Editor", "Unity.XR.Interaction.Toolkit.Samples.StarterAssets.Editor.csproj", "{154046FA-FCC4-D51D-9FD0-34FA29525462}"
EndProject
Global
	GlobalSection(SolutionConfigurationPlatforms) = preSolution
		Debug|Any CPU = Debug|Any CPU
		Release|Any CPU = Release|Any CPU
	EndGlobalSection
	GlobalSection(ProjectConfigurationPlatforms) = postSolution
		{817207F8-DB52-0C88-BEB1-6D53B5AD6086}.Debug|Any CPU.ActiveCfg = Debug|Any CPU
		{817207F8-DB52-0C88-BEB1-6D53B5AD6086}.Debug|Any CPU.Build.0 = Debug|Any CPU
		{817207F8-DB52-0C88-BEB1-6D53B5AD6086}.Release|Any CPU.ActiveCfg = Release|Any CPU
		{817207F8-DB52-0C88-BEB1-6D53B5AD6086}.Release|Any CPU.Build.0 = Release|Any CPU
		{6305EBF5-38A2-C26F-B5A0-454CBE7F1329}.Debug|Any CPU.ActiveCfg = Debug|Any CPU
		{6305EBF5-38A2-C26F-B5A0-454CBE7F1329}.Debug|Any CPU.Build.0 = Debug|Any CPU
		{6305EBF5-38A2-C26F-B5A0-454CBE7F1329}.Release|Any CPU.ActiveCfg = Release|Any CPU
		{6305EBF5-38A2-C26F-B5A0-454CBE7F1329}.Release|Any CPU.Build.0 = Release|Any CPU
		{00ACC108-8458-067D-32ED-A88EA72586AD}.Debug|Any CPU.ActiveCfg = Debug|Any CPU
		{00ACC108-8458-067D-32ED-A88EA72586AD}.Debug|Any CPU.Build.0 = Debug|Any CPU
		{00ACC108-8458-067D-32ED-A88EA72586AD}.Release|Any CPU.ActiveCfg = Release|Any CPU
		{00ACC108-8458-067D-32ED-A88EA72586AD}.Release|Any CPU.Build.0 = Release|Any CPU
		{50D5C5ED-649C-DFF7-7902-86C0EE94DEE3}.Debug|Any CPU.ActiveCfg = Debug|Any CPU
		{50D5C5ED-649C-DFF7-7902-86C0EE94DEE3}.Debug|Any CPU.Build.0 = Debug|Any CPU
		{50D5C5ED-649C-DFF7-7902-86C0EE94DEE3}.Release|Any CPU.ActiveCfg = Release|Any CPU
		{50D5C5ED-649C-DFF7-7902-86C0EE94DEE3}.Release|Any CPU.Build.0 = Release|Any CPU
		{154046FA-FCC4-D51D-9FD0-34FA29525462}.Debug|Any CPU.ActiveCfg = Debug|Any CPU
		{154046FA-FCC4-D51D-9FD0-34FA29525462}.Debug|Any CPU.Build.0 = Debug|Any CPU
		{154046FA-FCC4-D51D-9FD0-34FA29525462}.Release|Any CPU.ActiveCfg = Release|Any CPU
		{154046FA-FCC4-D51D-9FD0-34FA29525462}.Release|Any CPU.Build.0 = Release|Any CPU
	EndGlobalSection
	GlobalSection(SolutionProperties) = preSolution
		HideSolutionNode = FALSE
	EndGlobalSection
EndGlobal
